
Microsoft Visual Studio Solution File, Format Version 12.00
# Visual Studio Version 17
VisualStudioVersion = 17.8.34330.188
MinimumVisualStudioVersion = 10.0.40219.1
Project("{9A19103F-16F7-4668-BE54-9A1E7A4F7556}") = "BlazorItemsManegerWebAppDevExpress.Web", "BlazorItemsManegerWebAppDevExpress.Web\BlazorItemsManegerWebAppDevExpress.Web.csproj", "{52D8A401-42FF-4CBD-8BA5-8A9D96B7569B}"
EndProject
Global
	GlobalSection(SolutionConfigurationPlatforms) = preSolution
		Debug|Any CPU = Debug|Any CPU
		Release|Any CPU = Release|Any CPU
	EndGlobalSection
	GlobalSection(ProjectConfigurationPlatforms) = postSolution
		{52D8A401-42FF-4CBD-8BA5-8A9D96B7569B}.Debug|Any CPU.ActiveCfg = Debug|Any CPU
		{52D8A401-42FF-4CBD-8BA5-8A9D96B7569B}.Debug|Any CPU.Build.0 = Debug|Any CPU
		{52D8A401-42FF-4CBD-8BA5-8A9D96B7569B}.Release|Any CPU.ActiveCfg = Release|Any CPU
		{52D8A401-42FF-4CBD-8BA5-8A9D96B7569B}.Release|Any CPU.Build.0 = Release|Any CPU
	EndGlobalSection
	GlobalSection(SolutionProperties) = preSolution
		HideSolutionNode = FALSE
	EndGlobalSection
	GlobalSection(ExtensibilityGlobals) = postSolution
		SolutionGuid = {7CDEC8E8-1B4B-4AB1-81B0-AEB866A4C9BC}
	EndGlobalSection
EndGlobal
